
Microsoft Visual Studio Solution File, Format Version 12.00
# Visual Studio Version 17
VisualStudioVersion = 17.9.34728.123
MinimumVisualStudioVersion = 10.0.40219.1
Project("{FAE04EC0-301F-11D3-BF4B-00C04F79EFBC}") = "Practica 10", "Practica 10\Practica 10.csproj", "{0315C1FE-F7A9-4AB6-BDEA-04F7A5A7C751}"
EndProject
Global
	GlobalSection(SolutionConfigurationPlatforms) = preSolution
		Debug|Any CPU = Debug|Any CPU
		Release|Any CPU = Release|Any CPU
	EndGlobalSection
	GlobalSection(ProjectConfigurationPlatforms) = postSolution
		{0315C1FE-F7A9-4AB6-BDEA-04F7A5A7C751}.Debug|Any CPU.ActiveCfg = Debug|Any CPU
		{0315C1FE-F7A9-4AB6-BDEA-04F7A5A7C751}.Debug|Any CPU.Build.0 = Debug|Any CPU
		{0315C1FE-F7A9-4AB6-BDEA-04F7A5A7C751}.Release|Any CPU.ActiveCfg = Release|Any CPU
		{0315C1FE-F7A9-4AB6-BDEA-04F7A5A7C751}.Release|Any CPU.Build.0 = Release|Any CPU
	EndGlobalSection
	GlobalSection(SolutionProperties) = preSolution
		HideSolutionNode = FALSE
	EndGlobalSection
	GlobalSection(ExtensibilityGlobals) = postSolution
		SolutionGuid = {1A05098E-F166-4349-AA63-5C3754127AFC}
	EndGlobalSection
EndGlobal
