
Microsoft Visual Studio Solution File, Format Version 12.00
# Visual Studio Version 17
VisualStudioVersion = 17.8.34511.84
MinimumVisualStudioVersion = 10.0.40219.1
Project("{FAE04EC0-301F-11D3-BF4B-00C04F79EFBC}") = "Practica 0", "Practica 0\Practica 0.csproj", "{B4553246-F5B1-4D04-A40A-A36D45B6703A}"
EndProject
Global
	GlobalSection(SolutionConfigurationPlatforms) = preSolution
		Debug|Any CPU = Debug|Any CPU
		Release|Any CPU = Release|Any CPU
	EndGlobalSection
	GlobalSection(ProjectConfigurationPlatforms) = postSolution
		{B4553246-F5B1-4D04-A40A-A36D45B6703A}.Debug|Any CPU.ActiveCfg = Debug|Any CPU
		{B4553246-F5B1-4D04-A40A-A36D45B6703A}.Debug|Any CPU.Build.0 = Debug|Any CPU
		{B4553246-F5B1-4D04-A40A-A36D45B6703A}.Release|Any CPU.ActiveCfg = Release|Any CPU
		{B4553246-F5B1-4D04-A40A-A36D45B6703A}.Release|Any CPU.Build.0 = Release|Any CPU
	EndGlobalSection
	GlobalSection(SolutionProperties) = preSolution
		HideSolutionNode = FALSE
	EndGlobalSection
	GlobalSection(ExtensibilityGlobals) = postSolution
		SolutionGuid = {880EC66E-024C-4804-9A25-8853FEC18561}
	EndGlobalSection
EndGlobal
