
Microsoft Visual Studio Solution File, Format Version 12.00
# Visual Studio Version 17
VisualStudioVersion = 17.9.34728.123
MinimumVisualStudioVersion = 10.0.40219.1
Project("{FAE04EC0-301F-11D3-BF4B-00C04F79EFBC}") = "Practica 8", "Practica 8\Practica 8.csproj", "{2E292156-299A-4BEC-9124-DE83A1A3B4CE}"
EndProject
Global
	GlobalSection(SolutionConfigurationPlatforms) = preSolution
		Debug|Any CPU = Debug|Any CPU
		Release|Any CPU = Release|Any CPU
	EndGlobalSection
	GlobalSection(ProjectConfigurationPlatforms) = postSolution
		{2E292156-299A-4BEC-9124-DE83A1A3B4CE}.Debug|Any CPU.ActiveCfg = Debug|Any CPU
		{2E292156-299A-4BEC-9124-DE83A1A3B4CE}.Debug|Any CPU.Build.0 = Debug|Any CPU
		{2E292156-299A-4BEC-9124-DE83A1A3B4CE}.Release|Any CPU.ActiveCfg = Release|Any CPU
		{2E292156-299A-4BEC-9124-DE83A1A3B4CE}.Release|Any CPU.Build.0 = Release|Any CPU
	EndGlobalSection
	GlobalSection(SolutionProperties) = preSolution
		HideSolutionNode = FALSE
	EndGlobalSection
	GlobalSection(ExtensibilityGlobals) = postSolution
		SolutionGuid = {DD0455D5-3CAA-4659-9CCD-A7FAA0A2B579}
	EndGlobalSection
EndGlobal
